
Microsoft Visual Studio Solution File, Format Version 12.00
# Visual Studio Version 17
VisualStudioVersion = 17.3.32901.215
MinimumVisualStudioVersion = 10.0.40219.1
Project("{FAE04EC0-301F-11D3-BF4B-00C04F79EFBC}") = "WebAPITransport", "WebAPITransport\WebAPITransport.csproj", "{5376C600-ACBE-455D-BD04-9B6CB64DA88D}"
EndProject
Global
	GlobalSection(SolutionConfigurationPlatforms) = preSolution
		Debug|Any CPU = Debug|Any CPU
		Release|Any CPU = Release|Any CPU
	EndGlobalSection
	GlobalSection(ProjectConfigurationPlatforms) = postSolution
		{5376C600-ACBE-455D-BD04-9B6CB64DA88D}.Debug|Any CPU.ActiveCfg = Debug|Any CPU
		{5376C600-ACBE-455D-BD04-9B6CB64DA88D}.Debug|Any CPU.Build.0 = Debug|Any CPU
		{5376C600-ACBE-455D-BD04-9B6CB64DA88D}.Release|Any CPU.ActiveCfg = Release|Any CPU
		{5376C600-ACBE-455D-BD04-9B6CB64DA88D}.Release|Any CPU.Build.0 = Release|Any CPU
	EndGlobalSection
	GlobalSection(SolutionProperties) = preSolution
		HideSolutionNode = FALSE
	EndGlobalSection
	GlobalSection(ExtensibilityGlobals) = postSolution
		SolutionGuid = {03283D70-D068-4218-B235-4B37200CE091}
	EndGlobalSection
EndGlobal
